// !$*UTF8*$!
{
	archiveVersion = 1;
	classes = {
	};
	objectVersion = 46;
	objects = {

/* Begin PBXBuildFile section */
		A81210AB1DF66772006828AD /* main.m in Sources */ = {isa = PBXBuildFile; fileRef = A81210AA1DF66772006828AD /* main.m */; };
		A81210AE1DF66772006828AD /* AppDelegate.m in Sources */ = {isa = PBXBuildFile; fileRef = A81210AD1DF66772006828AD /* AppDelegate.m */; };
		A81210B11DF66772006828AD /* ViewController.m in Sources */ = {isa = PBXBuildFile; fileRef = A81210B01DF66772006828AD /* ViewController.m */; };
		A81210B41DF66772006828AD /* Main.storyboard in Resources */ = {isa = PBXBuildFile; fileRef = A81210B21DF66772006828AD /* Main.storyboard */; };
		A81210B61DF66772006828AD /* Assets.xcassets in Resources */ = {isa = PBXBuildFile; fileRef = A81210B51DF66772006828AD /* Assets.xcassets */; };
		A81210B91DF66772006828AD /* LaunchScreen.storyboard in Resources */ = {isa = PBXBuildFile; fileRef = A81210B71DF66772006828AD /* LaunchScreen.storyboard */; };
		A81210C71DF6692C006828AD /* .gitkeep in Resources */ = {isa = PBXBuildFile; fileRef = A81210C41DF6692C006828AD /* .gitkeep */; };
		A81210C81DF6692C006828AD /* UMVideoSDK.a in Frameworks */ = {isa = PBXBuildFile; fileRef = A81210C61DF6692C006828AD /* UMVideoSDK.a */; };
		A81210CB1DF66957006828AD /* libz.tbd in Frameworks */ = {isa = PBXBuildFile; fileRef = A81210CA1DF66957006828AD /* libz.tbd */; };
/* End PBXBuildFile section */

/* Begin PBXFileReference section */
		A81210A61DF66772006828AD /* Sample.app */ = {isa = PBXFileReference; explicitFileType = wrapper.application; includeInIndex = 0; path = Sample.app; sourceTree = BUILT_PRODUCTS_DIR; };
		A81210AA1DF66772006828AD /* main.m */ = {isa = PBXFileReference; lastKnownFileType = sourcecode.c.objc; path = main.m; sourceTree = "<group>"; };
		A81210AC1DF66772006828AD /* AppDelegate.h */ = {isa = PBXFileReference; lastKnownFileType = sourcecode.c.h; path = AppDelegate.h; sourceTree = "<group>"; };
		A81210AD1DF66772006828AD /* AppDelegate.m */ = {isa = PBXFileReference; lastKnownFileType = sourcecode.c.objc; path = AppDelegate.m; sourceTree = "<group>"; };
		A81210AF1DF66772006828AD /* ViewController.h */ = {isa = PBXFileReference; lastKnownFileType = sourcecode.c.h; path = ViewController.h; sourceTree = "<group>"; };
		A81210B01DF66772006828AD /* ViewController.m */ = {isa = PBXFileReference; lastKnownFileType = sourcecode.c.objc; path = ViewController.m; sourceTree = "<group>"; };
		A81210B31DF66772006828AD /* Base */ = {isa = PBXFileReference; lastKnownFileType = file.storyboard; name = Base; path = Base.lproj/Main.storyboard; sourceTree = "<group>"; };
		A81210B51DF66772006828AD /* Assets.xcassets */ = {isa = PBXFileReference; lastKnownFileType = folder.assetcatalog; path = Assets.xcassets; sourceTree = "<group>"; };
		A81210B81DF66772006828AD /* Base */ = {isa = PBXFileReference; lastKnownFileType = file.storyboard; name = Base; path = Base.lproj/LaunchScreen.storyboard; sourceTree = "<group>"; };
		A81210BA1DF66772006828AD /* Info.plist */ = {isa = PBXFileReference; lastKnownFileType = text.plist.xml; path = Info.plist; sourceTree = "<group>"; };
		A81210C41DF6692C006828AD /* .gitkeep */ = {isa = PBXFileReference; fileEncoding = 4; lastKnownFileType = text; path = .gitkeep; sourceTree = "<group>"; };
		A81210C51DF6692C006828AD /* UMVideoAd.h */ = {isa = PBXFileReference; fileEncoding = 4; lastKnownFileType = sourcecode.c.h; path = UMVideoAd.h; sourceTree = "<group>"; };
		A81210C61DF6692C006828AD /* UMVideoSDK.a */ = {isa = PBXFileReference; lastKnownFileType = archive.ar; path = UMVideoSDK.a; sourceTree = "<group>"; };
		A81210CA1DF66957006828AD /* libz.tbd */ = {isa = PBXFileReference; lastKnownFileType = "sourcecode.text-based-dylib-definition"; name = libz.tbd; path = usr/lib/libz.tbd; sourceTree = SDKROOT; };
/* End PBXFileReference section */

/* Begin PBXFrameworksBuildPhase section */
		A81210A31DF66772006828AD /* Frameworks */ = {
			isa = PBXFrameworksBuildPhase;
			buildActionMask = 2147483647;
			files = (
				A81210CB1DF66957006828AD /* libz.tbd in Frameworks */,
				A81210C81DF6692C006828AD /* UMVideoSDK.a in Frameworks */,
			);
			runOnlyForDeploymentPostprocessing = 0;
		};
/* End PBXFrameworksBuildPhase section */

/* Begin PBXGroup section */
		A812109D1DF66772006828AD = {
			isa = PBXGroup;
			children = (
				A81210A81DF66772006828AD /* Sample */,
				A81210A71DF66772006828AD /* Products */,
				A81210C91DF66957006828AD /* Frameworks */,
			);
			sourceTree = "<group>";
		};
		A81210A71DF66772006828AD /* Products */ = {
			isa = PBXGroup;
			children = (
				A81210A61DF66772006828AD /* Sample.app */,
			);
			name = Products;
			sourceTree = "<group>";
		};
		A81210A81DF66772006828AD /* Sample */ = {
			isa = PBXGroup;
			children = (
				A81210C31DF6692C006828AD /* Classes */,
				A81210AC1DF66772006828AD /* AppDelegate.h */,
				A81210AD1DF66772006828AD /* AppDelegate.m */,
				A81210AF1DF66772006828AD /* ViewController.h */,
				A81210B01DF66772006828AD /* ViewController.m */,
				A81210B21DF66772006828AD /* Main.storyboard */,
				A81210B51DF66772006828AD /* Assets.xcassets */,
				A81210B71DF66772006828AD /* LaunchScreen.storyboard */,
				A81210BA1DF66772006828AD /* Info.plist */,
				A81210A91DF66772006828AD /* Supporting Files */,
			);
			path = Sample;
			sourceTree = "<group>";
		};
		A81210A91DF66772006828AD /* Supporting Files */ = {
			isa = PBXGroup;
			children = (
				A81210AA1DF66772006828AD /* main.m */,
			);
			name = "Supporting Files";
			sourceTree = "<group>";
		};
		A81210C31DF6692C006828AD /* Classes */ = {
			isa = PBXGroup;
			children = (
				A81210C41DF6692C006828AD /* .gitkeep */,
				A81210C51DF6692C006828AD /* UMVideoAd.h */,
				A81210C61DF6692C006828AD /* UMVideoSDK.a */,
			);
			name = Classes;
			path = ../../Classes;
			sourceTree = "<group>";
		};
		A81210C91DF66957006828AD /* Frameworks */ = {
			isa = PBXGroup;
			children = (
				A81210CA1DF66957006828AD /* libz.tbd */,
			);
			name = Frameworks;
			sourceTree = "<group>";
		};
/* End PBXGroup section */

/* Begin PBXNativeTarget section */
		A81210A51DF66772006828AD /* Sample */ = {
			isa = PBXNativeTarget;
			buildConfigurationList = A81210BD1DF66772006828AD /* Build configuration list for PBXNativeTarget "Sample" */;
			buildPhases = (
				A81210A21DF66772006828AD /* Sources */,
				A81210A31DF66772006828AD /* Frameworks */,
				A81210A41DF66772006828AD /* Resources */,
			);
			buildRules = (
			);
			dependencies = (
			);
			name = Sample;
			productName = Sample;
			productReference = A81210A61DF66772006828AD /* Sample.app */;
			productType = "com.apple.product-type.application";
		};
/* End PBXNativeTarget section */

/* Begin PBXProject section */
		A812109E1DF66772006828AD /* Project object */ = {
			isa = PBXProject;
			attributes = {
				LastUpgradeCheck = 0810;
				ORGANIZATIONNAME = wengxianxun;
				TargetAttributes = {
					A81210A51DF66772006828AD = {
						CreatedOnToolsVersion = 8.1;
						DevelopmentTeam = 4J463NHQ74;
						ProvisioningStyle = Automatic;
					};
				};
			};
			buildConfigurationList = A81210A11DF66772006828AD /* Build configuration list for PBXProject "Sample" */;
			compatibilityVersion = "Xcode 3.2";
			developmentRegion = English;
			hasScannedForEncodings = 0;
			knownRegions = (
				en,
				Base,
			);
			mainGroup = A812109D1DF66772006828AD;
			productRefGroup = A81210A71DF66772006828AD /* Products */;
			projectDirPath = "";
			projectRoot = "";
			targets = (
				A81210A51DF66772006828AD /* Sample */,
			);
		};
/* End PBXProject section */

/* Begin PBXResourcesBuildPhase section */
		A81210A41DF66772006828AD /* Resources */ = {
			isa = PBXResourcesBuildPhase;
			buildActionMask = 2147483647;
			files = (
				A81210B91DF66772006828AD /* LaunchScreen.storyboard in Resources */,
				A81210B61DF66772006828AD /* Assets.xcassets in Resources */,
				A81210B41DF66772006828AD /* Main.storyboard in Resources */,
				A81210C71DF6692C006828AD /* .gitkeep in Resources */,
			);
			runOnlyForDeploymentPostprocessing = 0;
		};
/* End PBXResourcesBuildPhase section */

/* Begin PBXSourcesBuildPhase section */
		A81210A21DF66772006828AD /* Sources */ = {
			isa = PBXSourcesBuildPhase;
			buildActionMask = 2147483647;
			files = (
				A81210B11DF66772006828AD /* ViewController.m in Sources */,
				A81210AE1DF66772006828AD /* AppDelegate.m in Sources */,
				A81210AB1DF66772006828AD /* main.m in Sources */,
			);
			runOnlyForDeploymentPostprocessing = 0;
		};
/* End PBXSourcesBuildPhase section */

/* Begin PBXVariantGroup section */
		A81210B21DF66772006828AD /* Main.storyboard */ = {
			isa = PBXVariantGroup;
			children = (
				A81210B31DF66772006828AD /* Base */,
			);
			name = Main.storyboard;
			sourceTree = "<group>";
		};
		A81210B71DF66772006828AD /* LaunchScreen.storyboard */ = {
			isa = PBXVariantGroup;
			children = (
				A81210B81DF66772006828AD /* Base */,
			);
			name = LaunchScreen.storyboard;
			sourceTree = "<group>";
		};
/* End PBXVariantGroup section */

/* Begin XCBuildConfiguration section */
		A81210BB1DF66772006828AD /* Debug */ = {
			isa = XCBuildConfiguration;
			buildSettings = {
				ALWAYS_SEARCH_USER_PATHS = NO;
				CLANG_ANALYZER_NONNULL = YES;
				CLANG_CXX_LANGUAGE_STANDARD = "gnu++0x";
				CLANG_CXX_LIBRARY = "libc++";
				CLANG_ENABLE_MODULES = YES;
				CLANG_ENABLE_OBJC_ARC = YES;
				CLANG_WARN_BOOL_CONVERSION = YES;
				CLANG_WARN_CONSTANT_CONVERSION = YES;
				CLANG_WARN_DIRECT_OBJC_ISA_USAGE = YES_ERROR;
				CLANG_WARN_DOCUMENTATION_COMMENTS = YES;
				CLANG_WARN_EMPTY_BODY = YES;
				CLANG_WARN_ENUM_CONVERSION = YES;
				CLANG_WARN_INFINITE_RECURSION = YES;
				CLANG_WARN_INT_CONVERSION = YES;
				CLANG_WARN_OBJC_ROOT_CLASS = YES_ERROR;
				CLANG_WARN_SUSPICIOUS_MOVES = YES;
				CLANG_WARN_UNREACHABLE_CODE = YES;
				CLANG_WARN__DUPLICATE_METHOD_MATCH = YES;
				"CODE_SIGN_IDENTITY[sdk=iphoneos*]" = "iPhone Developer";
				COPY_PHASE_STRIP = NO;
				DEBUG_INFORMATION_FORMAT = dwarf;
				ENABLE_STRICT_OBJC_MSGSEND = YES;
				ENABLE_TESTABILITY = YES;
				GCC_C_LANGUAGE_STANDARD = gnu99;
				GCC_DYNAMIC_NO_PIC = NO;
				GCC_NO_COMMON_BLOCKS = YES;
				GCC_OPTIMIZATION_LEVEL = 0;
				GCC_PREPROCESSOR_DEFINITIONS = (
					"DEBUG=1",
					"$(inherited)",
				);
				GCC_WARN_64_TO_32_BIT_CONVERSION = YES;
				GCC_WARN_ABOUT_RETURN_TYPE = YES_ERROR;
				GCC_WARN_UNDECLARED_SELECTOR = YES;
				GCC_WARN_UNINITIALIZED_AUTOS = YES_AGGRESSIVE;
				GCC_WARN_UNUSED_FUNCTION = YES;
				GCC_WARN_UNUSED_VARIABLE = YES;
				IPHONEOS_DEPLOYMENT_TARGET = 10.1;
				MTL_ENABLE_DEBUG_INFO = YES;
				ONLY_ACTIVE_ARCH = YES;
				SDKROOT = iphoneos;
			};
			name = Debug;
		};
		A81210BC1DF66772006828AD /* Release */ = {
			isa = XCBuildConfiguration;
			buildSettings = {
				ALWAYS_SEARCH_USER_PATHS = NO;
				CLANG_ANALYZER_NONNULL = YES;
				CLANG_CXX_LANGUAGE_STANDARD = "gnu++0x";
				CLANG_CXX_LIBRARY = "libc++";
				CLANG_ENABLE_MODULES = YES;
				CLANG_ENABLE_OBJC_ARC = YES;
				CLANG_WARN_BOOL_CONVERSION = YES;
				CLANG_WARN_CONSTANT_CONVERSION = YES;
				CLANG_WARN_DIRECT_OBJC_ISA_USAGE = YES_ERROR;
				CLANG_WARN_DOCUMENTATION_COMMENTS = YES;
				CLANG_WARN_EMPTY_BODY = YES;
				CLANG_WARN_ENUM_CONVERSION = YES;
				CLANG_WARN_INFINITE_RECURSION = YES;
				CLANG_WARN_INT_CONVERSION = YES;
				CLANG_WARN_OBJC_ROOT_CLASS = YES_ERROR;
				CLANG_WARN_SUSPICIOUS_MOVES = YES;
				CLANG_WARN_UNREACHABLE_CODE = YES;
				CLANG_WARN__DUPLICATE_METHOD_MATCH = YES;
				"CODE_SIGN_IDENTITY[sdk=iphoneos*]" = "iPhone Developer";
				COPY_PHASE_STRIP = NO;
				DEBUG_INFORMATION_FORMAT = "dwarf-with-dsym";
				ENABLE_NS_ASSERTIONS = NO;
				ENABLE_STRICT_OBJC_MSGSEND = YES;
				GCC_C_LANGUAGE_STANDARD = gnu99;
				GCC_NO_COMMON_BLOCKS = YES;
				GCC_WARN_64_TO_32_BIT_CONVERSION = YES;
				GCC_WARN_ABOUT_RETURN_TYPE = YES_ERROR;
				GCC_WARN_UNDECLARED_SELECTOR = YES;
				GCC_WARN_UNINITIALIZED_AUTOS = YES_AGGRESSIVE;
				GCC_WARN_UNUSED_FUNCTION = YES;
				GCC_WARN_UNUSED_VARIABLE = YES;
				IPHONEOS_DEPLOYMENT_TARGET = 10.1;
				MTL_ENABLE_DEBUG_INFO = NO;
				SDKROOT = iphoneos;
				VALIDATE_PRODUCT = YES;
			};
			name = Release;
		};
		A81210BE1DF66772006828AD /* Debug */ = {
			isa = XCBuildConfiguration;
			buildSettings = {
				ASSETCATALOG_COMPILER_APPICON_NAME = AppIcon;
				DEVELOPMENT_TEAM = 4J463NHQ74;
				INFOPLIST_FILE = Sample/Info.plist;
				LD_RUNPATH_SEARCH_PATHS = "$(inherited) @executable_path/Frameworks";
				PRODUCT_BUNDLE_IDENTIFIER = com.wxx.Sample;
				PRODUCT_NAME = "$(TARGET_NAME)";
			};
			name = Debug;
		};
		A81210BF1DF66772006828AD /* Release */ = {
			isa = XCBuildConfiguration;
			buildSettings = {
				ASSETCATALOG_COMPILER_APPICON_NAME = AppIcon;
				DEVELOPMENT_TEAM = 4J463NHQ74;
				INFOPLIST_FILE = Sample/Info.plist;
				LD_RUNPATH_SEARCH_PATHS = "$(inherited) @executable_path/Frameworks";
				PRODUCT_BUNDLE_IDENTIFIER = com.wxx.Sample;
				PRODUCT_NAME = "$(TARGET_NAME)";
			};
			name = Release;
		};
/* End XCBuildConfiguration section */

/* Begin XCConfigurationList section */
		A81210A11DF66772006828AD /* Build configuration list for PBXProject "Sample" */ = {
			isa = XCConfigurationList;
			buildConfigurations = (
				A81210BB1DF66772006828AD /* Debug */,
				A81210BC1DF66772006828AD /* Release */,
			);
			defaultConfigurationIsVisible = 0;
			defaultConfigurationName = Release;
		};
		A81210BD1DF66772006828AD /* Build configuration list for PBXNativeTarget "Sample" */ = {
			isa = XCConfigurationList;
			buildConfigurations = (
				A81210BE1DF66772006828AD /* Debug */,
				A81210BF1DF66772006828AD /* Release */,
			);
			defaultConfigurationIsVisible = 0;
		};
/* End XCConfigurationList section */
	};
	rootObject = A812109E1DF66772006828AD /* Project object */;
}
